
Microsoft Visual Studio Solution File, Format Version 12.00
# Visual Studio 15
VisualStudioVersion = 15.0.28307.106
MinimumVisualStudioVersion = 10.0.40219.1
Project("{FAE04EC0-301F-11D3-BF4B-00C04F79EFBC}") = "mowd.quote", "mowd.quote\mowd.quote.csproj", "{7B295723-C978-46D3-AEF0-BD64707F553C}"
EndProject
Global
	GlobalSection(SolutionConfigurationPlatforms) = preSolution
		Debug|Any CPU = Debug|Any CPU
		Release|Any CPU = Release|Any CPU
	EndGlobalSection
	GlobalSection(ProjectConfigurationPlatforms) = postSolution
		{7B295723-C978-46D3-AEF0-BD64707F553C}.Debug|Any CPU.ActiveCfg = Debug|Any CPU
		{7B295723-C978-46D3-AEF0-BD64707F553C}.Debug|Any CPU.Build.0 = Debug|Any CPU
		{7B295723-C978-46D3-AEF0-BD64707F553C}.Release|Any CPU.ActiveCfg = Release|Any CPU
		{7B295723-C978-46D3-AEF0-BD64707F553C}.Release|Any CPU.Build.0 = Release|Any CPU
	EndGlobalSection
	GlobalSection(SolutionProperties) = preSolution
		HideSolutionNode = FALSE
	EndGlobalSection
	GlobalSection(ExtensibilityGlobals) = postSolution
		SolutionGuid = {D44E28F0-2578-4800-9F92-290562420013}
	EndGlobalSection
EndGlobal
